// !$*UTF8*$!
{
	archiveVersion = 1;
	classes = {
	};
	objectVersion = 50;
	objects = {

/* Begin PBXBuildFile section */
		AD5A17A125BF663500B39900 /* Item.swift in Sources */ = {isa = PBXBuildFile; fileRef = AD5A17A025BF663500B39900 /* Item.swift */; };
		ADDAB4D825AFB0490016242F /* AppDelegate.swift in Sources */ = {isa = PBXBuildFile; fileRef = ADDAB4D725AFB0490016242F /* AppDelegate.swift */; };
		ADDAB4DA25AFB0490016242F /* SceneDelegate.swift in Sources */ = {isa = PBXBuildFile; fileRef = ADDAB4D925AFB0490016242F /* SceneDelegate.swift */; };
		ADDAB4DC25AFB0490016242F /* DoneListViewController.swift in Sources */ = {isa = PBXBuildFile; fileRef = ADDAB4DB25AFB0490016242F /* DoneListViewController.swift */; };
		ADDAB4DF25AFB0490016242F /* Main.storyboard in Resources */ = {isa = PBXBuildFile; fileRef = ADDAB4DD25AFB0490016242F /* Main.storyboard */; };
		ADDAB4E225AFB0490016242F /* doneList.xcdatamodeld in Sources */ = {isa = PBXBuildFile; fileRef = ADDAB4E025AFB0490016242F /* doneList.xcdatamodeld */; };
		ADDAB4E425AFB04B0016242F /* Assets.xcassets in Resources */ = {isa = PBXBuildFile; fileRef = ADDAB4E325AFB04B0016242F /* Assets.xcassets */; };
		ADDAB4E725AFB04B0016242F /* LaunchScreen.storyboard in Resources */ = {isa = PBXBuildFile; fileRef = ADDAB4E525AFB04B0016242F /* LaunchScreen.storyboard */; };
/* End PBXBuildFile section */

/* Begin PBXFileReference section */
		AD5A17A025BF663500B39900 /* Item.swift */ = {isa = PBXFileReference; lastKnownFileType = sourcecode.swift; path = Item.swift; sourceTree = "<group>"; };
		ADDAB4D425AFB0490016242F /* doneList.app */ = {isa = PBXFileReference; explicitFileType = wrapper.application; includeInIndex = 0; path = doneList.app; sourceTree = BUILT_PRODUCTS_DIR; };
		ADDAB4D725AFB0490016242F /* AppDelegate.swift */ = {isa = PBXFileReference; lastKnownFileType = sourcecode.swift; path = AppDelegate.swift; sourceTree = "<group>"; };
		ADDAB4D925AFB0490016242F /* SceneDelegate.swift */ = {isa = PBXFileReference; lastKnownFileType = sourcecode.swift; path = SceneDelegate.swift; sourceTree = "<group>"; };
		ADDAB4DB25AFB0490016242F /* DoneListViewController.swift */ = {isa = PBXFileReference; lastKnownFileType = sourcecode.swift; path = DoneListViewController.swift; sourceTree = "<group>"; };
		ADDAB4DE25AFB0490016242F /* Base */ = {isa = PBXFileReference; lastKnownFileType = file.storyboard; name = Base; path = Base.lproj/Main.storyboard; sourceTree = "<group>"; };
		ADDAB4E125AFB0490016242F /* doneList.xcdatamodel */ = {isa = PBXFileReference; lastKnownFileType = wrapper.xcdatamodel; path = doneList.xcdatamodel; sourceTree = "<group>"; };
		ADDAB4E325AFB04B0016242F /* Assets.xcassets */ = {isa = PBXFileReference; lastKnownFileType = folder.assetcatalog; path = Assets.xcassets; sourceTree = "<group>"; };
		ADDAB4E625AFB04B0016242F /* Base */ = {isa = PBXFileReference; lastKnownFileType = file.storyboard; name = Base; path = Base.lproj/LaunchScreen.storyboard; sourceTree = "<group>"; };
		ADDAB4E825AFB04B0016242F /* Info.plist */ = {isa = PBXFileReference; lastKnownFileType = text.plist.xml; path = Info.plist; sourceTree = "<group>"; };
/* End PBXFileReference section */

/* Begin PBXFrameworksBuildPhase section */
		ADDAB4D125AFB0490016242F /* Frameworks */ = {
			isa = PBXFrameworksBuildPhase;
			buildActionMask = 2147483647;
			files = (
			);
			runOnlyForDeploymentPostprocessing = 0;
		};
/* End PBXFrameworksBuildPhase section */

/* Begin PBXGroup section */
		AD5A17A325BF663E00B39900 /* Data Model */ = {
			isa = PBXGroup;
			children = (
				AD5A17A025BF663500B39900 /* Item.swift */,
			);
			path = "Data Model";
			sourceTree = "<group>";
		};
		AD5A17A425BF666300B39900 /* Views */ = {
			isa = PBXGroup;
			children = (
				ADDAB4DD25AFB0490016242F /* Main.storyboard */,
			);
			path = Views;
			sourceTree = "<group>";
		};
		AD5A17A525BF667A00B39900 /* Controllers */ = {
			isa = PBXGroup;
			children = (
				ADDAB4DB25AFB0490016242F /* DoneListViewController.swift */,
			);
			path = Controllers;
			sourceTree = "<group>";
		};
		AD5A17A625BF66A000B39900 /* Supporting Files */ = {
			isa = PBXGroup;
			children = (
				ADDAB4E325AFB04B0016242F /* Assets.xcassets */,
				ADDAB4E525AFB04B0016242F /* LaunchScreen.storyboard */,
			);
			path = "Supporting Files";
			sourceTree = "<group>";
		};
		ADDAB4CB25AFB0490016242F = {
			isa = PBXGroup;
			children = (
				ADDAB4D625AFB0490016242F /* doneList */,
				ADDAB4D525AFB0490016242F /* Products */,
			);
			sourceTree = "<group>";
		};
		ADDAB4D525AFB0490016242F /* Products */ = {
			isa = PBXGroup;
			children = (
				ADDAB4D425AFB0490016242F /* doneList.app */,
			);
			name = Products;
			sourceTree = "<group>";
		};
		ADDAB4D625AFB0490016242F /* doneList */ = {
			isa = PBXGroup;
			children = (
				AD5A17A625BF66A000B39900 /* Supporting Files */,
				AD5A17A325BF663E00B39900 /* Data Model */,
				AD5A17A425BF666300B39900 /* Views */,
				AD5A17A525BF667A00B39900 /* Controllers */,
				ADDAB4D725AFB0490016242F /* AppDelegate.swift */,
				ADDAB4D925AFB0490016242F /* SceneDelegate.swift */,
				ADDAB4E825AFB04B0016242F /* Info.plist */,
				ADDAB4E025AFB0490016242F /* doneList.xcdatamodeld */,
			);
			path = doneList;
			sourceTree = "<group>";
		};
/* End PBXGroup section */

/* Begin PBXNativeTarget section */
		ADDAB4D325AFB0490016242F /* doneList */ = {
			isa = PBXNativeTarget;
			buildConfigurationList = ADDAB4EB25AFB04B0016242F /* Build configuration list for PBXNativeTarget "doneList" */;
			buildPhases = (
				ADDAB4D025AFB0490016242F /* Sources */,
				ADDAB4D125AFB0490016242F /* Frameworks */,
				ADDAB4D225AFB0490016242F /* Resources */,
			);
			buildRules = (
			);
			dependencies = (
			);
			name = doneList;
			productName = doneList;
			productReference = ADDAB4D425AFB0490016242F /* doneList.app */;
			productType = "com.apple.product-type.application";
		};
/* End PBXNativeTarget section */

/* Begin PBXProject section */
		ADDAB4CC25AFB0490016242F /* Project object */ = {
			isa = PBXProject;
			attributes = {
				LastSwiftUpdateCheck = 1230;
				LastUpgradeCheck = 1230;
				TargetAttributes = {
					ADDAB4D325AFB0490016242F = {
						CreatedOnToolsVersion = 12.3;
					};
				};
			};
			buildConfigurationList = ADDAB4CF25AFB0490016242F /* Build configuration list for PBXProject "doneList" */;
			compatibilityVersion = "Xcode 9.3";
			developmentRegion = en;
			hasScannedForEncodings = 0;
			knownRegions = (
				en,
				Base,
			);
			mainGroup = ADDAB4CB25AFB0490016242F;
			productRefGroup = ADDAB4D525AFB0490016242F /* Products */;
			projectDirPath = "";
			projectRoot = "";
			targets = (
				ADDAB4D325AFB0490016242F /* doneList */,
			);
		};
/* End PBXProject section */

/* Begin PBXResourcesBuildPhase section */
		ADDAB4D225AFB0490016242F /* Resources */ = {
			isa = PBXResourcesBuildPhase;
			buildActionMask = 2147483647;
			files = (
				ADDAB4E725AFB04B0016242F /* LaunchScreen.storyboard in Resources */,
				ADDAB4E425AFB04B0016242F /* Assets.xcassets in Resources */,
				ADDAB4DF25AFB0490016242F /* Main.storyboard in Resources */,
			);
			runOnlyForDeploymentPostprocessing = 0;
		};
/* End PBXResourcesBuildPhase section */

/* Begin PBXSourcesBuildPhase section */
		ADDAB4D025AFB0490016242F /* Sources */ = {
			isa = PBXSourcesBuildPhase;
			buildActionMask = 2147483647;
			files = (
				AD5A17A125BF663500B39900 /* Item.swift in Sources */,
				ADDAB4DC25AFB0490016242F /* DoneListViewController.swift in Sources */,
				ADDAB4D825AFB0490016242F /* AppDelegate.swift in Sources */,
				ADDAB4DA25AFB0490016242F /* SceneDelegate.swift in Sources */,
				ADDAB4E225AFB0490016242F /* doneList.xcdatamodeld in Sources */,
			);
			runOnlyForDeploymentPostprocessing = 0;
		};
/* End PBXSourcesBuildPhase section */

/* Begin PBXVariantGroup section */
		ADDAB4DD25AFB0490016242F /* Main.storyboard */ = {
			isa = PBXVariantGroup;
			children = (
				ADDAB4DE25AFB0490016242F /* Base */,
			);
			name = Main.storyboard;
			sourceTree = "<group>";
		};
		ADDAB4E525AFB04B0016242F /* LaunchScreen.storyboard */ = {
			isa = PBXVariantGroup;
			children = (
				ADDAB4E625AFB04B0016242F /* Base */,
			);
			name = LaunchScreen.storyboard;
			sourceTree = "<group>";
		};
/* End PBXVariantGroup section */

/* Begin XCBuildConfiguration section */
		ADDAB4E925AFB04B0016242F /* Debug */ = {
			isa = XCBuildConfiguration;
			buildSettings = {
				ALWAYS_SEARCH_USER_PATHS = NO;
				CLANG_ANALYZER_NONNULL = YES;
				CLANG_ANALYZER_NUMBER_OBJECT_CONVERSION = YES_AGGRESSIVE;
				CLANG_CXX_LANGUAGE_STANDARD = "gnu++14";
				CLANG_CXX_LIBRARY = "libc++";
				CLANG_ENABLE_MODULES = YES;
				CLANG_ENABLE_OBJC_ARC = YES;
				CLANG_ENABLE_OBJC_WEAK = YES;
				CLANG_WARN_BLOCK_CAPTURE_AUTORELEASING = YES;
				CLANG_WARN_BOOL_CONVERSION = YES;
				CLANG_WARN_COMMA = YES;
				CLANG_WARN_CONSTANT_CONVERSION = YES;
				CLANG_WARN_DEPRECATED_OBJC_IMPLEMENTATIONS = YES;
				CLANG_WARN_DIRECT_OBJC_ISA_USAGE = YES_ERROR;
				CLANG_WARN_DOCUMENTATION_COMMENTS = YES;
				CLANG_WARN_EMPTY_BODY = YES;
				CLANG_WARN_ENUM_CONVERSION = YES;
				CLANG_WARN_INFINITE_RECURSION = YES;
				CLANG_WARN_INT_CONVERSION = YES;
				CLANG_WARN_NON_LITERAL_NULL_CONVERSION = YES;
				CLANG_WARN_OBJC_IMPLICIT_RETAIN_SELF = YES;
				CLANG_WARN_OBJC_LITERAL_CONVERSION = YES;
				CLANG_WARN_OBJC_ROOT_CLASS = YES_ERROR;
				CLANG_WARN_QUOTED_INCLUDE_IN_FRAMEWORK_HEADER = YES;
				CLANG_WARN_RANGE_LOOP_ANALYSIS = YES;
				CLANG_WARN_STRICT_PROTOTYPES = YES;
				CLANG_WARN_SUSPICIOUS_MOVE = YES;
				CLANG_WARN_UNGUARDED_AVAILABILITY = YES_AGGRESSIVE;
				CLANG_WARN_UNREACHABLE_CODE = YES;
				CLANG_WARN__DUPLICATE_METHOD_MATCH = YES;
				COPY_PHASE_STRIP = NO;
				DEBUG_INFORMATION_FORMAT = dwarf;
				ENABLE_STRICT_OBJC_MSGSEND = YES;
				ENABLE_TESTABILITY = YES;
				GCC_C_LANGUAGE_STANDARD = gnu11;
				GCC_DYNAMIC_NO_PIC = NO;
				GCC_NO_COMMON_BLOCKS = YES;
				GCC_OPTIMIZATION_LEVEL = 0;
				GCC_PREPROCESSOR_DEFINITIONS = (
					"DEBUG=1",
					"$(inherited)",
				);
				GCC_WARN_64_TO_32_BIT_CONVERSION = YES;
				GCC_WARN_ABOUT_RETURN_TYPE = YES_ERROR;
				GCC_WARN_UNDECLARED_SELECTOR = YES;
				GCC_WARN_UNINITIALIZED_AUTOS = YES_AGGRESSIVE;
				GCC_WARN_UNUSED_FUNCTION = YES;
				GCC_WARN_UNUSED_VARIABLE = YES;
				IPHONEOS_DEPLOYMENT_TARGET = 14.3;
				MTL_ENABLE_DEBUG_INFO = INCLUDE_SOURCE;
				MTL_FAST_MATH = YES;
				ONLY_ACTIVE_ARCH = YES;
				SDKROOT = iphoneos;
				SWIFT_ACTIVE_COMPILATION_CONDITIONS = DEBUG;
				SWIFT_OPTIMIZATION_LEVEL = "-Onone";
			};
			name = Debug;
		};
		ADDAB4EA25AFB04B0016242F /* Release */ = {
			isa = XCBuildConfiguration;
			buildSettings = {
				ALWAYS_SEARCH_USER_PATHS = NO;
				CLANG_ANALYZER_NONNULL = YES;
				CLANG_ANALYZER_NUMBER_OBJECT_CONVERSION = YES_AGGRESSIVE;
				CLANG_CXX_LANGUAGE_STANDARD = "gnu++14";
				CLANG_CXX_LIBRARY = "libc++";
				CLANG_ENABLE_MODULES = YES;
				CLANG_ENABLE_OBJC_ARC = YES;
				CLANG_ENABLE_OBJC_WEAK = YES;
				CLANG_WARN_BLOCK_CAPTURE_AUTORELEASING = YES;
				CLANG_WARN_BOOL_CONVERSION = YES;
				CLANG_WARN_COMMA = YES;
				CLANG_WARN_CONSTANT_CONVERSION = YES;
				CLANG_WARN_DEPRECATED_OBJC_IMPLEMENTATIONS = YES;
				CLANG_WARN_DIRECT_OBJC_ISA_USAGE = YES_ERROR;
				CLANG_WARN_DOCUMENTATION_COMMENTS = YES;
				CLANG_WARN_EMPTY_BODY = YES;
				CLANG_WARN_ENUM_CONVERSION = YES;
				CLANG_WARN_INFINITE_RECURSION = YES;
				CLANG_WARN_INT_CONVERSION = YES;
				CLANG_WARN_NON_LITERAL_NULL_CONVERSION = YES;
				CLANG_WARN_OBJC_IMPLICIT_RETAIN_SELF = YES;
				CLANG_WARN_OBJC_LITERAL_CONVERSION = YES;
				CLANG_WARN_OBJC_ROOT_CLASS = YES_ERROR;
				CLANG_WARN_QUOTED_INCLUDE_IN_FRAMEWORK_HEADER = YES;
				CLANG_WARN_RANGE_LOOP_ANALYSIS = YES;
				CLANG_WARN_STRICT_PROTOTYPES = YES;
				CLANG_WARN_SUSPICIOUS_MOVE = YES;
				CLANG_WARN_UNGUARDED_AVAILABILITY = YES_AGGRESSIVE;
				CLANG_WARN_UNREACHABLE_CODE = YES;
				CLANG_WARN__DUPLICATE_METHOD_MATCH = YES;
				COPY_PHASE_STRIP = NO;
				DEBUG_INFORMATION_FORMAT = "dwarf-with-dsym";
				ENABLE_NS_ASSERTIONS = NO;
				ENABLE_STRICT_OBJC_MSGSEND = YES;
				GCC_C_LANGUAGE_STANDARD = gnu11;
				GCC_NO_COMMON_BLOCKS = YES;
				GCC_WARN_64_TO_32_BIT_CONVERSION = YES;
				GCC_WARN_ABOUT_RETURN_TYPE = YES_ERROR;
				GCC_WARN_UNDECLARED_SELECTOR = YES;
				GCC_WARN_UNINITIALIZED_AUTOS = YES_AGGRESSIVE;
				GCC_WARN_UNUSED_FUNCTION = YES;
				GCC_WARN_UNUSED_VARIABLE = YES;
				IPHONEOS_DEPLOYMENT_TARGET = 14.3;
				MTL_ENABLE_DEBUG_INFO = NO;
				MTL_FAST_MATH = YES;
				SDKROOT = iphoneos;
				SWIFT_COMPILATION_MODE = wholemodule;
				SWIFT_OPTIMIZATION_LEVEL = "-O";
				VALIDATE_PRODUCT = YES;
			};
			name = Release;
		};
		ADDAB4EC25AFB04B0016242F /* Debug */ = {
			isa = XCBuildConfiguration;
			buildSettings = {
				ASSETCATALOG_COMPILER_APPICON_NAME = AppIcon;
				ASSETCATALOG_COMPILER_GLOBAL_ACCENT_COLOR_NAME = AccentColor;
				CODE_SIGN_STYLE = Automatic;
				DEVELOPMENT_TEAM = 4P4DZ6SFSK;
				INFOPLIST_FILE = doneList/Info.plist;
				LD_RUNPATH_SEARCH_PATHS = (
					"$(inherited)",
					"@executable_path/Frameworks",
				);
				PRODUCT_BUNDLE_IDENTIFIER = com.progressbyproject.doneList;
				PRODUCT_NAME = "$(TARGET_NAME)";
				SWIFT_VERSION = 5.0;
				TARGETED_DEVICE_FAMILY = 1;
			};
			name = Debug;
		};
		ADDAB4ED25AFB04B0016242F /* Release */ = {
			isa = XCBuildConfiguration;
			buildSettings = {
				ASSETCATALOG_COMPILER_APPICON_NAME = AppIcon;
				ASSETCATALOG_COMPILER_GLOBAL_ACCENT_COLOR_NAME = AccentColor;
				CODE_SIGN_STYLE = Automatic;
				DEVELOPMENT_TEAM = 4P4DZ6SFSK;
				INFOPLIST_FILE = doneList/Info.plist;
				LD_RUNPATH_SEARCH_PATHS = (
					"$(inherited)",
					"@executable_path/Frameworks",
				);
				PRODUCT_BUNDLE_IDENTIFIER = com.progressbyproject.doneList;
				PRODUCT_NAME = "$(TARGET_NAME)";
				SWIFT_VERSION = 5.0;
				TARGETED_DEVICE_FAMILY = 1;
			};
			name = Release;
		};
/* End XCBuildConfiguration section */

/* Begin XCConfigurationList section */
		ADDAB4CF25AFB0490016242F /* Build configuration list for PBXProject "doneList" */ = {
			isa = XCConfigurationList;
			buildConfigurations = (
				ADDAB4E925AFB04B0016242F /* Debug */,
				ADDAB4EA25AFB04B0016242F /* Release */,
			);
			defaultConfigurationIsVisible = 0;
			defaultConfigurationName = Release;
		};
		ADDAB4EB25AFB04B0016242F /* Build configuration list for PBXNativeTarget "doneList" */ = {
			isa = XCConfigurationList;
			buildConfigurations = (
				ADDAB4EC25AFB04B0016242F /* Debug */,
				ADDAB4ED25AFB04B0016242F /* Release */,
			);
			defaultConfigurationIsVisible = 0;
			defaultConfigurationName = Release;
		};
/* End XCConfigurationList section */

/* Begin XCVersionGroup section */
		ADDAB4E025AFB0490016242F /* doneList.xcdatamodeld */ = {
			isa = XCVersionGroup;
			children = (
				ADDAB4E125AFB0490016242F /* doneList.xcdatamodel */,
			);
			currentVersion = ADDAB4E125AFB0490016242F /* doneList.xcdatamodel */;
			path = doneList.xcdatamodeld;
			sourceTree = "<group>";
			versionGroupType = wrapper.xcdatamodel;
		};
/* End XCVersionGroup section */
	};
	rootObject = ADDAB4CC25AFB0490016242F /* Project object */;
}
